{
  "name": "kaminos",
  "lockfileVersion": 3,
  "requires": true,
  "packages": {
    "": {
      "name": "kaminos",
      "dependencies": {
        "@kaminos/webgpu-inference-kit": "^0.1.4"
      }
    },
    "node_modules/@kaminos/webgpu-inference-kit": {
      "version": "0.1.4",
      "resolved": "https://registry.npmjs.org/@kaminos/webgpu-inference-kit/-/webgpu-inference-kit-0.1.4.tgz",
      "integrity": "sha512-/Ewab+9sM/anhr2+V66hp5+EMmeUFhUdBHRyMUnF2GOYzbYCsU31Ejye7I7m/1nkK94i/NQrD7NSrxmKHdx29g==",
      "license": "UNLICENSED"
    }
  }
}
