{
  "name": "kaminos",
  "lockfileVersion": 3,
  "requires": true,
  "packages": {
    "": {
      "name": "kaminos",
      "dependencies": {
        "@kaminos/fluid-webgpu": "https://raw.githubusercontent.com/lyonsno/kaminos/9a119c12778f34bb691df301addc89973913390e/artifacts/fluid/kaminos-fluid-webgpu-0.3.0.tgz",
        "@kaminos/webgpu-inference-kit": "^0.1.6"
      }
    },
    "node_modules/@kaminos/fluid-webgpu": {
      "version": "0.3.0",
      "resolved": "https://raw.githubusercontent.com/lyonsno/kaminos/9a119c12778f34bb691df301addc89973913390e/artifacts/fluid/kaminos-fluid-webgpu-0.3.0.tgz",
      "integrity": "sha512-aVk2m0XuPDoEkM2gB43SxyXFFWuGVc6t6wvs6wYHlq2XdwFmXIvgz7UzgS8O4OHZrz44lnrIxkDeHYQdF6CrVw==",
      "bundleDependencies": [
        "@kaminos/fluid-contracts"
      ],
      "dependencies": {
        "@kaminos/fluid-contracts": "0.3.0"
      }
    },
    "node_modules/@kaminos/fluid-webgpu/node_modules/@kaminos/fluid-contracts": {
      "version": "0.3.0",
      "inBundle": true
    },
    "node_modules/@kaminos/webgpu-inference-kit": {
      "version": "0.1.6",
      "resolved": "https://registry.npmjs.org/@kaminos/webgpu-inference-kit/-/webgpu-inference-kit-0.1.6.tgz",
      "integrity": "sha512-BnfMCYCbOczzIDTLzk30t8xNA8wOeZiCvS4dwQz8R8pGCk9QhWeF+PcBnZPkRioghtPYPOyPVuxYGyW/lRtjWw==",
      "license": "UNLICENSED"
    }
  }
}
