{
  "name": "kaminos",
  "lockfileVersion": 3,
  "requires": true,
  "packages": {
    "": {
      "name": "kaminos",
      "dependencies": {
        "@kaminos/fluid-webgpu": "https://raw.githubusercontent.com/lyonsno/kaminos/fc484561ac27dec84d4b95afa4ec74abd1c92232/artifacts/fluid/kaminos-fluid-webgpu-0.2.1.tgz",
        "@kaminos/webgpu-inference-kit": "^0.1.6"
      }
    },
    "node_modules/@kaminos/fluid-webgpu": {
      "version": "0.2.1",
      "resolved": "https://raw.githubusercontent.com/lyonsno/kaminos/fc484561ac27dec84d4b95afa4ec74abd1c92232/artifacts/fluid/kaminos-fluid-webgpu-0.2.1.tgz",
      "integrity": "sha512-3vp6/vZqTtEa0OdFnAN5NLuZqqNYXtlegSnIzdTzRmWFQ9dG9ltX9x9zRg632ctJsbHK8qOHSnZv9hvXnu/cxQ==",
      "bundleDependencies": [
        "@kaminos/fluid-contracts"
      ],
      "dependencies": {
        "@kaminos/fluid-contracts": "0.2.1"
      }
    },
    "node_modules/@kaminos/fluid-webgpu/node_modules/@kaminos/fluid-contracts": {
      "version": "0.2.1",
      "inBundle": true
    },
    "node_modules/@kaminos/webgpu-inference-kit": {
      "version": "0.1.6",
      "resolved": "https://registry.npmjs.org/@kaminos/webgpu-inference-kit/-/webgpu-inference-kit-0.1.6.tgz",
      "integrity": "sha512-BnfMCYCbOczzIDTLzk30t8xNA8wOeZiCvS4dwQz8R8pGCk9QhWeF+PcBnZPkRioghtPYPOyPVuxYGyW/lRtjWw==",
      "license": "UNLICENSED"
    }
  }
}
